// !$*UTF8*$!
{
	archiveVersion = 1;
	classes = {
	};
	objectVersion = 50;
	objects = {

/* Begin PBXBuildFile section */
		896EFDB221A1953F001B95C8 /* KeyBoardIssue.swift in Sources */ = {isa = PBXBuildFile; fileRef = 896EFDB121A1953F001B95C8 /* KeyBoardIssue.swift */; };
		89C9771121A0272100BBE31E /* AppDelegate.swift in Sources */ = {isa = PBXBuildFile; fileRef = 89C9771021A0272100BBE31E /* AppDelegate.swift */; };
		89C9771321A0272100BBE31E /* MemeEditorVC.swift in Sources */ = {isa = PBXBuildFile; fileRef = 89C9771221A0272100BBE31E /* MemeEditorVC.swift */; };
		89C9771621A0272100BBE31E /* Main.storyboard in Resources */ = {isa = PBXBuildFile; fileRef = 89C9771421A0272100BBE31E /* Main.storyboard */; };
		89C9771821A0272200BBE31E /* Assets.xcassets in Resources */ = {isa = PBXBuildFile; fileRef = 89C9771721A0272200BBE31E /* Assets.xcassets */; };
		89C9771B21A0272200BBE31E /* LaunchScreen.storyboard in Resources */ = {isa = PBXBuildFile; fileRef = 89C9771921A0272200BBE31E /* LaunchScreen.storyboard */; };
		89C9772621A0272200BBE31E /* MemeMeTests.swift in Sources */ = {isa = PBXBuildFile; fileRef = 89C9772521A0272200BBE31E /* MemeMeTests.swift */; };
		89C9773121A0272200BBE31E /* MemeMeUITests.swift in Sources */ = {isa = PBXBuildFile; fileRef = 89C9773021A0272200BBE31E /* MemeMeUITests.swift */; };
		89C9773F21A0275700BBE31E /* appModels.swift in Sources */ = {isa = PBXBuildFile; fileRef = 89C9773E21A0275700BBE31E /* appModels.swift */; };
		89C9774221A0283D00BBE31E /* appExtensions.swift in Sources */ = {isa = PBXBuildFile; fileRef = 89C9774121A0283D00BBE31E /* appExtensions.swift */; };
/* End PBXBuildFile section */

/* Begin PBXContainerItemProxy section */
		89C9772221A0272200BBE31E /* PBXContainerItemProxy */ = {
			isa = PBXContainerItemProxy;
			containerPortal = 89C9770521A0272000BBE31E /* Project object */;
			proxyType = 1;
			remoteGlobalIDString = 89C9770C21A0272100BBE31E;
			remoteInfo = MemeMe;
		};
		89C9772D21A0272200BBE31E /* PBXContainerItemProxy */ = {
			isa = PBXContainerItemProxy;
			containerPortal = 89C9770521A0272000BBE31E /* Project object */;
			proxyType = 1;
			remoteGlobalIDString = 89C9770C21A0272100BBE31E;
			remoteInfo = MemeMe;
		};
/* End PBXContainerItemProxy section */

/* Begin PBXFileReference section */
		896EFDB121A1953F001B95C8 /* KeyBoardIssue.swift */ = {isa = PBXFileReference; lastKnownFileType = sourcecode.swift; path = KeyBoardIssue.swift; sourceTree = "<group>"; };
		89C9770D21A0272100BBE31E /* MemeMe.app */ = {isa = PBXFileReference; explicitFileType = wrapper.application; includeInIndex = 0; path = MemeMe.app; sourceTree = BUILT_PRODUCTS_DIR; };
		89C9771021A0272100BBE31E /* AppDelegate.swift */ = {isa = PBXFileReference; lastKnownFileType = sourcecode.swift; path = AppDelegate.swift; sourceTree = "<group>"; };
		89C9771221A0272100BBE31E /* MemeEditorVC.swift */ = {isa = PBXFileReference; lastKnownFileType = sourcecode.swift; path = MemeEditorVC.swift; sourceTree = "<group>"; };
		89C9771521A0272100BBE31E /* Base */ = {isa = PBXFileReference; lastKnownFileType = file.storyboard; name = Base; path = Base.lproj/Main.storyboard; sourceTree = "<group>"; };
		89C9771721A0272200BBE31E /* Assets.xcassets */ = {isa = PBXFileReference; lastKnownFileType = folder.assetcatalog; path = Assets.xcassets; sourceTree = "<group>"; };
		89C9771A21A0272200BBE31E /* Base */ = {isa = PBXFileReference; lastKnownFileType = file.storyboard; name = Base; path = Base.lproj/LaunchScreen.storyboard; sourceTree = "<group>"; };
		89C9771C21A0272200BBE31E /* Info.plist */ = {isa = PBXFileReference; lastKnownFileType = text.plist.xml; path = Info.plist; sourceTree = "<group>"; };
		89C9772121A0272200BBE31E /* MemeMeTests.xctest */ = {isa = PBXFileReference; explicitFileType = wrapper.cfbundle; includeInIndex = 0; path = MemeMeTests.xctest; sourceTree = BUILT_PRODUCTS_DIR; };
		89C9772521A0272200BBE31E /* MemeMeTests.swift */ = {isa = PBXFileReference; lastKnownFileType = sourcecode.swift; path = MemeMeTests.swift; sourceTree = "<group>"; };
		89C9772721A0272200BBE31E /* Info.plist */ = {isa = PBXFileReference; lastKnownFileType = text.plist.xml; path = Info.plist; sourceTree = "<group>"; };
		89C9772C21A0272200BBE31E /* MemeMeUITests.xctest */ = {isa = PBXFileReference; explicitFileType = wrapper.cfbundle; includeInIndex = 0; path = MemeMeUITests.xctest; sourceTree = BUILT_PRODUCTS_DIR; };
		89C9773021A0272200BBE31E /* MemeMeUITests.swift */ = {isa = PBXFileReference; lastKnownFileType = sourcecode.swift; path = MemeMeUITests.swift; sourceTree = "<group>"; };
		89C9773221A0272200BBE31E /* Info.plist */ = {isa = PBXFileReference; lastKnownFileType = text.plist.xml; path = Info.plist; sourceTree = "<group>"; };
		89C9773E21A0275700BBE31E /* appModels.swift */ = {isa = PBXFileReference; lastKnownFileType = sourcecode.swift; path = appModels.swift; sourceTree = "<group>"; };
		89C9774121A0283D00BBE31E /* appExtensions.swift */ = {isa = PBXFileReference; lastKnownFileType = sourcecode.swift; path = appExtensions.swift; sourceTree = "<group>"; };
/* End PBXFileReference section */

/* Begin PBXFrameworksBuildPhase section */
		89C9770A21A0272100BBE31E /* Frameworks */ = {
			isa = PBXFrameworksBuildPhase;
			buildActionMask = 2147483647;
			files = (
			);
			runOnlyForDeploymentPostprocessing = 0;
		};
		89C9771E21A0272200BBE31E /* Frameworks */ = {
			isa = PBXFrameworksBuildPhase;
			buildActionMask = 2147483647;
			files = (
			);
			runOnlyForDeploymentPostprocessing = 0;
		};
		89C9772921A0272200BBE31E /* Frameworks */ = {
			isa = PBXFrameworksBuildPhase;
			buildActionMask = 2147483647;
			files = (
			);
			runOnlyForDeploymentPostprocessing = 0;
		};
/* End PBXFrameworksBuildPhase section */

/* Begin PBXGroup section */
		89C9770421A0272000BBE31E = {
			isa = PBXGroup;
			children = (
				89C9770F21A0272100BBE31E /* MemeMe */,
				89C9772421A0272200BBE31E /* MemeMeTests */,
				89C9772F21A0272200BBE31E /* MemeMeUITests */,
				89C9770E21A0272100BBE31E /* Products */,
			);
			sourceTree = "<group>";
		};
		89C9770E21A0272100BBE31E /* Products */ = {
			isa = PBXGroup;
			children = (
				89C9770D21A0272100BBE31E /* MemeMe.app */,
				89C9772121A0272200BBE31E /* MemeMeTests.xctest */,
				89C9772C21A0272200BBE31E /* MemeMeUITests.xctest */,
			);
			name = Products;
			sourceTree = "<group>";
		};
		89C9770F21A0272100BBE31E /* MemeMe */ = {
			isa = PBXGroup;
			children = (
				89C9771021A0272100BBE31E /* AppDelegate.swift */,
				89C9771221A0272100BBE31E /* MemeEditorVC.swift */,
				89C9771421A0272100BBE31E /* Main.storyboard */,
				89C9771721A0272200BBE31E /* Assets.xcassets */,
				89C9771921A0272200BBE31E /* LaunchScreen.storyboard */,
				89C9771C21A0272200BBE31E /* Info.plist */,
				89C9774021A0275F00BBE31E /* Models */,
				89C9774321A0284300BBE31E /* Extensions */,
				896EFDB121A1953F001B95C8 /* KeyBoardIssue.swift */,
			);
			path = MemeMe;
			sourceTree = "<group>";
		};
		89C9772421A0272200BBE31E /* MemeMeTests */ = {
			isa = PBXGroup;
			children = (
				89C9772521A0272200BBE31E /* MemeMeTests.swift */,
				89C9772721A0272200BBE31E /* Info.plist */,
			);
			path = MemeMeTests;
			sourceTree = "<group>";
		};
		89C9772F21A0272200BBE31E /* MemeMeUITests */ = {
			isa = PBXGroup;
			children = (
				89C9773021A0272200BBE31E /* MemeMeUITests.swift */,
				89C9773221A0272200BBE31E /* Info.plist */,
			);
			path = MemeMeUITests;
			sourceTree = "<group>";
		};
		89C9774021A0275F00BBE31E /* Models */ = {
			isa = PBXGroup;
			children = (
				89C9773E21A0275700BBE31E /* appModels.swift */,
			);
			path = Models;
			sourceTree = "<group>";
		};
		89C9774321A0284300BBE31E /* Extensions */ = {
			isa = PBXGroup;
			children = (
				89C9774121A0283D00BBE31E /* appExtensions.swift */,
			);
			path = Extensions;
			sourceTree = "<group>";
		};
/* End PBXGroup section */

/* Begin PBXNativeTarget section */
		89C9770C21A0272100BBE31E /* MemeMe */ = {
			isa = PBXNativeTarget;
			buildConfigurationList = 89C9773521A0272200BBE31E /* Build configuration list for PBXNativeTarget "MemeMe" */;
			buildPhases = (
				89C9770921A0272100BBE31E /* Sources */,
				89C9770A21A0272100BBE31E /* Frameworks */,
				89C9770B21A0272100BBE31E /* Resources */,
			);
			buildRules = (
			);
			dependencies = (
			);
			name = MemeMe;
			productName = MemeMe;
			productReference = 89C9770D21A0272100BBE31E /* MemeMe.app */;
			productType = "com.apple.product-type.application";
		};
		89C9772021A0272200BBE31E /* MemeMeTests */ = {
			isa = PBXNativeTarget;
			buildConfigurationList = 89C9773821A0272200BBE31E /* Build configuration list for PBXNativeTarget "MemeMeTests" */;
			buildPhases = (
				89C9771D21A0272200BBE31E /* Sources */,
				89C9771E21A0272200BBE31E /* Frameworks */,
				89C9771F21A0272200BBE31E /* Resources */,
			);
			buildRules = (
			);
			dependencies = (
				89C9772321A0272200BBE31E /* PBXTargetDependency */,
			);
			name = MemeMeTests;
			productName = MemeMeTests;
			productReference = 89C9772121A0272200BBE31E /* MemeMeTests.xctest */;
			productType = "com.apple.product-type.bundle.unit-test";
		};
		89C9772B21A0272200BBE31E /* MemeMeUITests */ = {
			isa = PBXNativeTarget;
			buildConfigurationList = 89C9773B21A0272200BBE31E /* Build configuration list for PBXNativeTarget "MemeMeUITests" */;
			buildPhases = (
				89C9772821A0272200BBE31E /* Sources */,
				89C9772921A0272200BBE31E /* Frameworks */,
				89C9772A21A0272200BBE31E /* Resources */,
			);
			buildRules = (
			);
			dependencies = (
				89C9772E21A0272200BBE31E /* PBXTargetDependency */,
			);
			name = MemeMeUITests;
			productName = MemeMeUITests;
			productReference = 89C9772C21A0272200BBE31E /* MemeMeUITests.xctest */;
			productType = "com.apple.product-type.bundle.ui-testing";
		};
/* End PBXNativeTarget section */

/* Begin PBXProject section */
		89C9770521A0272000BBE31E /* Project object */ = {
			isa = PBXProject;
			attributes = {
				LastSwiftUpdateCheck = 1010;
				LastUpgradeCheck = 1010;
				ORGANIZATIONNAME = "Abdulaziz Alsaloum";
				TargetAttributes = {
					89C9770C21A0272100BBE31E = {
						CreatedOnToolsVersion = 10.1;
					};
					89C9772021A0272200BBE31E = {
						CreatedOnToolsVersion = 10.1;
						TestTargetID = 89C9770C21A0272100BBE31E;
					};
					89C9772B21A0272200BBE31E = {
						CreatedOnToolsVersion = 10.1;
						TestTargetID = 89C9770C21A0272100BBE31E;
					};
				};
			};
			buildConfigurationList = 89C9770821A0272000BBE31E /* Build configuration list for PBXProject "MemeMe" */;
			compatibilityVersion = "Xcode 9.3";
			developmentRegion = en;
			hasScannedForEncodings = 0;
			knownRegions = (
				en,
				Base,
			);
			mainGroup = 89C9770421A0272000BBE31E;
			productRefGroup = 89C9770E21A0272100BBE31E /* Products */;
			projectDirPath = "";
			projectRoot = "";
			targets = (
				89C9770C21A0272100BBE31E /* MemeMe */,
				89C9772021A0272200BBE31E /* MemeMeTests */,
				89C9772B21A0272200BBE31E /* MemeMeUITests */,
			);
		};
/* End PBXProject section */

/* Begin PBXResourcesBuildPhase section */
		89C9770B21A0272100BBE31E /* Resources */ = {
			isa = PBXResourcesBuildPhase;
			buildActionMask = 2147483647;
			files = (
				89C9771B21A0272200BBE31E /* LaunchScreen.storyboard in Resources */,
				89C9771821A0272200BBE31E /* Assets.xcassets in Resources */,
				89C9771621A0272100BBE31E /* Main.storyboard in Resources */,
			);
			runOnlyForDeploymentPostprocessing = 0;
		};
		89C9771F21A0272200BBE31E /* Resources */ = {
			isa = PBXResourcesBuildPhase;
			buildActionMask = 2147483647;
			files = (
			);
			runOnlyForDeploymentPostprocessing = 0;
		};
		89C9772A21A0272200BBE31E /* Resources */ = {
			isa = PBXResourcesBuildPhase;
			buildActionMask = 2147483647;
			files = (
			);
			runOnlyForDeploymentPostprocessing = 0;
		};
/* End PBXResourcesBuildPhase section */

/* Begin PBXSourcesBuildPhase section */
		89C9770921A0272100BBE31E /* Sources */ = {
			isa = PBXSourcesBuildPhase;
			buildActionMask = 2147483647;
			files = (
				89C9771321A0272100BBE31E /* MemeEditorVC.swift in Sources */,
				89C9771121A0272100BBE31E /* AppDelegate.swift in Sources */,
				89C9773F21A0275700BBE31E /* appModels.swift in Sources */,
				896EFDB221A1953F001B95C8 /* KeyBoardIssue.swift in Sources */,
				89C9774221A0283D00BBE31E /* appExtensions.swift in Sources */,
			);
			runOnlyForDeploymentPostprocessing = 0;
		};
		89C9771D21A0272200BBE31E /* Sources */ = {
			isa = PBXSourcesBuildPhase;
			buildActionMask = 2147483647;
			files = (
				89C9772621A0272200BBE31E /* MemeMeTests.swift in Sources */,
			);
			runOnlyForDeploymentPostprocessing = 0;
		};
		89C9772821A0272200BBE31E /* Sources */ = {
			isa = PBXSourcesBuildPhase;
			buildActionMask = 2147483647;
			files = (
				89C9773121A0272200BBE31E /* MemeMeUITests.swift in Sources */,
			);
			runOnlyForDeploymentPostprocessing = 0;
		};
/* End PBXSourcesBuildPhase section */

/* Begin PBXTargetDependency section */
		89C9772321A0272200BBE31E /* PBXTargetDependency */ = {
			isa = PBXTargetDependency;
			target = 89C9770C21A0272100BBE31E /* MemeMe */;
			targetProxy = 89C9772221A0272200BBE31E /* PBXContainerItemProxy */;
		};
		89C9772E21A0272200BBE31E /* PBXTargetDependency */ = {
			isa = PBXTargetDependency;
			target = 89C9770C21A0272100BBE31E /* MemeMe */;
			targetProxy = 89C9772D21A0272200BBE31E /* PBXContainerItemProxy */;
		};
/* End PBXTargetDependency section */

/* Begin PBXVariantGroup section */
		89C9771421A0272100BBE31E /* Main.storyboard */ = {
			isa = PBXVariantGroup;
			children = (
				89C9771521A0272100BBE31E /* Base */,
			);
			name = Main.storyboard;
			sourceTree = "<group>";
		};
		89C9771921A0272200BBE31E /* LaunchScreen.storyboard */ = {
			isa = PBXVariantGroup;
			children = (
				89C9771A21A0272200BBE31E /* Base */,
			);
			name = LaunchScreen.storyboard;
			sourceTree = "<group>";
		};
/* End PBXVariantGroup section */

/* Begin XCBuildConfiguration section */
		89C9773321A0272200BBE31E /* Debug */ = {
			isa = XCBuildConfiguration;
			buildSettings = {
				ALWAYS_SEARCH_USER_PATHS = NO;
				CLANG_ANALYZER_NONNULL = YES;
				CLANG_ANALYZER_NUMBER_OBJECT_CONVERSION = YES_AGGRESSIVE;
				CLANG_CXX_LANGUAGE_STANDARD = "gnu++14";
				CLANG_CXX_LIBRARY = "libc++";
				CLANG_ENABLE_MODULES = YES;
				CLANG_ENABLE_OBJC_ARC = YES;
				CLANG_ENABLE_OBJC_WEAK = YES;
				CLANG_WARN_BLOCK_CAPTURE_AUTORELEASING = YES;
				CLANG_WARN_BOOL_CONVERSION = YES;
				CLANG_WARN_COMMA = YES;
				CLANG_WARN_CONSTANT_CONVERSION = YES;
				CLANG_WARN_DEPRECATED_OBJC_IMPLEMENTATIONS = YES;
				CLANG_WARN_DIRECT_OBJC_ISA_USAGE = YES_ERROR;
				CLANG_WARN_DOCUMENTATION_COMMENTS = YES;
				CLANG_WARN_EMPTY_BODY = YES;
				CLANG_WARN_ENUM_CONVERSION = YES;
				CLANG_WARN_INFINITE_RECURSION = YES;
				CLANG_WARN_INT_CONVERSION = YES;
				CLANG_WARN_NON_LITERAL_NULL_CONVERSION = YES;
				CLANG_WARN_OBJC_IMPLICIT_RETAIN_SELF = YES;
				CLANG_WARN_OBJC_LITERAL_CONVERSION = YES;
				CLANG_WARN_OBJC_ROOT_CLASS = YES_ERROR;
				CLANG_WARN_RANGE_LOOP_ANALYSIS = YES;
				CLANG_WARN_STRICT_PROTOTYPES = YES;
				CLANG_WARN_SUSPICIOUS_MOVE = YES;
				CLANG_WARN_UNGUARDED_AVAILABILITY = YES_AGGRESSIVE;
				CLANG_WARN_UNREACHABLE_CODE = YES;
				CLANG_WARN__DUPLICATE_METHOD_MATCH = YES;
				CODE_SIGN_IDENTITY = "iPhone Developer";
				COPY_PHASE_STRIP = NO;
				DEBUG_INFORMATION_FORMAT = dwarf;
				ENABLE_STRICT_OBJC_MSGSEND = YES;
				ENABLE_TESTABILITY = YES;
				GCC_C_LANGUAGE_STANDARD = gnu11;
				GCC_DYNAMIC_NO_PIC = NO;
				GCC_NO_COMMON_BLOCKS = YES;
				GCC_OPTIMIZATION_LEVEL = 0;
				GCC_PREPROCESSOR_DEFINITIONS = (
					"DEBUG=1",
					"$(inherited)",
				);
				GCC_WARN_64_TO_32_BIT_CONVERSION = YES;
				GCC_WARN_ABOUT_RETURN_TYPE = YES_ERROR;
				GCC_WARN_UNDECLARED_SELECTOR = YES;
				GCC_WARN_UNINITIALIZED_AUTOS = YES_AGGRESSIVE;
				GCC_WARN_UNUSED_FUNCTION = YES;
				GCC_WARN_UNUSED_VARIABLE = YES;
				IPHONEOS_DEPLOYMENT_TARGET = 12.1;
				MTL_ENABLE_DEBUG_INFO = INCLUDE_SOURCE;
				MTL_FAST_MATH = YES;
				ONLY_ACTIVE_ARCH = YES;
				SDKROOT = iphoneos;
				SWIFT_ACTIVE_COMPILATION_CONDITIONS = DEBUG;
				SWIFT_OPTIMIZATION_LEVEL = "-Onone";
			};
			name = Debug;
		};
		89C9773421A0272200BBE31E /* Release */ = {
			isa = XCBuildConfiguration;
			buildSettings = {
				ALWAYS_SEARCH_USER_PATHS = NO;
				CLANG_ANALYZER_NONNULL = YES;
				CLANG_ANALYZER_NUMBER_OBJECT_CONVERSION = YES_AGGRESSIVE;
				CLANG_CXX_LANGUAGE_STANDARD = "gnu++14";
				CLANG_CXX_LIBRARY = "libc++";
				CLANG_ENABLE_MODULES = YES;
				CLANG_ENABLE_OBJC_ARC = YES;
				CLANG_ENABLE_OBJC_WEAK = YES;
				CLANG_WARN_BLOCK_CAPTURE_AUTORELEASING = YES;
				CLANG_WARN_BOOL_CONVERSION = YES;
				CLANG_WARN_COMMA = YES;
				CLANG_WARN_CONSTANT_CONVERSION = YES;
				CLANG_WARN_DEPRECATED_OBJC_IMPLEMENTATIONS = YES;
				CLANG_WARN_DIRECT_OBJC_ISA_USAGE = YES_ERROR;
				CLANG_WARN_DOCUMENTATION_COMMENTS = YES;
				CLANG_WARN_EMPTY_BODY = YES;
				CLANG_WARN_ENUM_CONVERSION = YES;
				CLANG_WARN_INFINITE_RECURSION = YES;
				CLANG_WARN_INT_CONVERSION = YES;
				CLANG_WARN_NON_LITERAL_NULL_CONVERSION = YES;
				CLANG_WARN_OBJC_IMPLICIT_RETAIN_SELF = YES;
				CLANG_WARN_OBJC_LITERAL_CONVERSION = YES;
				CLANG_WARN_OBJC_ROOT_CLASS = YES_ERROR;
				CLANG_WARN_RANGE_LOOP_ANALYSIS = YES;
				CLANG_WARN_STRICT_PROTOTYPES = YES;
				CLANG_WARN_SUSPICIOUS_MOVE = YES;
				CLANG_WARN_UNGUARDED_AVAILABILITY = YES_AGGRESSIVE;
				CLANG_WARN_UNREACHABLE_CODE = YES;
				CLANG_WARN__DUPLICATE_METHOD_MATCH = YES;
				CODE_SIGN_IDENTITY = "iPhone Developer";
				COPY_PHASE_STRIP = NO;
				DEBUG_INFORMATION_FORMAT = "dwarf-with-dsym";
				ENABLE_NS_ASSERTIONS = NO;
				ENABLE_STRICT_OBJC_MSGSEND = YES;
				GCC_C_LANGUAGE_STANDARD = gnu11;
				GCC_NO_COMMON_BLOCKS = YES;
				GCC_WARN_64_TO_32_BIT_CONVERSION = YES;
				GCC_WARN_ABOUT_RETURN_TYPE = YES_ERROR;
				GCC_WARN_UNDECLARED_SELECTOR = YES;
				GCC_WARN_UNINITIALIZED_AUTOS = YES_AGGRESSIVE;
				GCC_WARN_UNUSED_FUNCTION = YES;
				GCC_WARN_UNUSED_VARIABLE = YES;
				IPHONEOS_DEPLOYMENT_TARGET = 12.1;
				MTL_ENABLE_DEBUG_INFO = NO;
				MTL_FAST_MATH = YES;
				SDKROOT = iphoneos;
				SWIFT_COMPILATION_MODE = wholemodule;
				SWIFT_OPTIMIZATION_LEVEL = "-O";
				VALIDATE_PRODUCT = YES;
			};
			name = Release;
		};
		89C9773621A0272200BBE31E /* Debug */ = {
			isa = XCBuildConfiguration;
			buildSettings = {
				ASSETCATALOG_COMPILER_APPICON_NAME = AppIcon;
				CODE_SIGN_STYLE = Automatic;
				DEVELOPMENT_TEAM = Z6LH8E5WW3;
				INFOPLIST_FILE = MemeMe/Info.plist;
				IPHONEOS_DEPLOYMENT_TARGET = 11.4;
				LD_RUNPATH_SEARCH_PATHS = (
					"$(inherited)",
					"@executable_path/Frameworks",
				);
				PRODUCT_BUNDLE_IDENTIFIER = com.MemeMe.abdulaziz;
				PRODUCT_NAME = "$(TARGET_NAME)";
				SWIFT_VERSION = 4.2;
				TARGETED_DEVICE_FAMILY = "1,2";
			};
			name = Debug;
		};
		89C9773721A0272200BBE31E /* Release */ = {
			isa = XCBuildConfiguration;
			buildSettings = {
				ASSETCATALOG_COMPILER_APPICON_NAME = AppIcon;
				CODE_SIGN_STYLE = Automatic;
				DEVELOPMENT_TEAM = Z6LH8E5WW3;
				INFOPLIST_FILE = MemeMe/Info.plist;
				IPHONEOS_DEPLOYMENT_TARGET = 11.4;
				LD_RUNPATH_SEARCH_PATHS = (
					"$(inherited)",
					"@executable_path/Frameworks",
				);
				PRODUCT_BUNDLE_IDENTIFIER = com.MemeMe.abdulaziz;
				PRODUCT_NAME = "$(TARGET_NAME)";
				SWIFT_VERSION = 4.2;
				TARGETED_DEVICE_FAMILY = "1,2";
			};
			name = Release;
		};
		89C9773921A0272200BBE31E /* Debug */ = {
			isa = XCBuildConfiguration;
			buildSettings = {
				ALWAYS_EMBED_SWIFT_STANDARD_LIBRARIES = YES;
				BUNDLE_LOADER = "$(TEST_HOST)";
				CODE_SIGN_STYLE = Automatic;
				INFOPLIST_FILE = MemeMeTests/Info.plist;
				LD_RUNPATH_SEARCH_PATHS = (
					"$(inherited)",
					"@executable_path/Frameworks",
					"@loader_path/Frameworks",
				);
				PRODUCT_BUNDLE_IDENTIFIER = com.MemeMeTests;
				PRODUCT_NAME = "$(TARGET_NAME)";
				SWIFT_VERSION = 4.2;
				TARGETED_DEVICE_FAMILY = "1,2";
				TEST_HOST = "$(BUILT_PRODUCTS_DIR)/MemeMe.app/MemeMe";
			};
			name = Debug;
		};
		89C9773A21A0272200BBE31E /* Release */ = {
			isa = XCBuildConfiguration;
			buildSettings = {
				ALWAYS_EMBED_SWIFT_STANDARD_LIBRARIES = YES;
				BUNDLE_LOADER = "$(TEST_HOST)";
				CODE_SIGN_STYLE = Automatic;
				INFOPLIST_FILE = MemeMeTests/Info.plist;
				LD_RUNPATH_SEARCH_PATHS = (
					"$(inherited)",
					"@executable_path/Frameworks",
					"@loader_path/Frameworks",
				);
				PRODUCT_BUNDLE_IDENTIFIER = com.MemeMeTests;
				PRODUCT_NAME = "$(TARGET_NAME)";
				SWIFT_VERSION = 4.2;
				TARGETED_DEVICE_FAMILY = "1,2";
				TEST_HOST = "$(BUILT_PRODUCTS_DIR)/MemeMe.app/MemeMe";
			};
			name = Release;
		};
		89C9773C21A0272200BBE31E /* Debug */ = {
			isa = XCBuildConfiguration;
			buildSettings = {
				ALWAYS_EMBED_SWIFT_STANDARD_LIBRARIES = YES;
				CODE_SIGN_STYLE = Automatic;
				INFOPLIST_FILE = MemeMeUITests/Info.plist;
				LD_RUNPATH_SEARCH_PATHS = (
					"$(inherited)",
					"@executable_path/Frameworks",
					"@loader_path/Frameworks",
				);
				PRODUCT_BUNDLE_IDENTIFIER = com.MemeMeUITests;
				PRODUCT_NAME = "$(TARGET_NAME)";
				SWIFT_VERSION = 4.2;
				TARGETED_DEVICE_FAMILY = "1,2";
				TEST_TARGET_NAME = MemeMe;
			};
			name = Debug;
		};
		89C9773D21A0272200BBE31E /* Release */ = {
			isa = XCBuildConfiguration;
			buildSettings = {
				ALWAYS_EMBED_SWIFT_STANDARD_LIBRARIES = YES;
				CODE_SIGN_STYLE = Automatic;
				INFOPLIST_FILE = MemeMeUITests/Info.plist;
				LD_RUNPATH_SEARCH_PATHS = (
					"$(inherited)",
					"@executable_path/Frameworks",
					"@loader_path/Frameworks",
				);
				PRODUCT_BUNDLE_IDENTIFIER = com.MemeMeUITests;
				PRODUCT_NAME = "$(TARGET_NAME)";
				SWIFT_VERSION = 4.2;
				TARGETED_DEVICE_FAMILY = "1,2";
				TEST_TARGET_NAME = MemeMe;
			};
			name = Release;
		};
/* End XCBuildConfiguration section */

/* Begin XCConfigurationList section */
		89C9770821A0272000BBE31E /* Build configuration list for PBXProject "MemeMe" */ = {
			isa = XCConfigurationList;
			buildConfigurations = (
				89C9773321A0272200BBE31E /* Debug */,
				89C9773421A0272200BBE31E /* Release */,
			);
			defaultConfigurationIsVisible = 0;
			defaultConfigurationName = Release;
		};
		89C9773521A0272200BBE31E /* Build configuration list for PBXNativeTarget "MemeMe" */ = {
			isa = XCConfigurationList;
			buildConfigurations = (
				89C9773621A0272200BBE31E /* Debug */,
				89C9773721A0272200BBE31E /* Release */,
			);
			defaultConfigurationIsVisible = 0;
			defaultConfigurationName = Release;
		};
		89C9773821A0272200BBE31E /* Build configuration list for PBXNativeTarget "MemeMeTests" */ = {
			isa = XCConfigurationList;
			buildConfigurations = (
				89C9773921A0272200BBE31E /* Debug */,
				89C9773A21A0272200BBE31E /* Release */,
			);
			defaultConfigurationIsVisible = 0;
			defaultConfigurationName = Release;
		};
		89C9773B21A0272200BBE31E /* Build configuration list for PBXNativeTarget "MemeMeUITests" */ = {
			isa = XCConfigurationList;
			buildConfigurations = (
				89C9773C21A0272200BBE31E /* Debug */,
				89C9773D21A0272200BBE31E /* Release */,
			);
			defaultConfigurationIsVisible = 0;
			defaultConfigurationName = Release;
		};
/* End XCConfigurationList section */
	};
	rootObject = 89C9770521A0272000BBE31E /* Project object */;
}
